// !$*UTF8*$!
{
	archiveVersion = 1;
	classes = {
	};
	objectVersion = 48;
	objects = {

/* Begin PBXBuildFile section */
		45596C461F67742500DBA81D /* Message.swift in Sources */ = {isa = PBXBuildFile; fileRef = 45596C451F67742500DBA81D /* Message.swift */; };
		4594A59D1F6858A600D80D0B /* CreateGroupVC.swift in Sources */ = {isa = PBXBuildFile; fileRef = 4594A59C1F6858A600D80D0B /* CreateGroupVC.swift */; };
		4594A59F1F685CD100D80D0B /* UserCell.swift in Sources */ = {isa = PBXBuildFile; fileRef = 4594A59E1F685CD100D80D0B /* UserCell.swift */; };
		4594A5A11F68C15500D80D0B /* GroupCell.swift in Sources */ = {isa = PBXBuildFile; fileRef = 4594A5A01F68C15500D80D0B /* GroupCell.swift */; };
		4594A5A31F68C25100D80D0B /* Group.swift in Sources */ = {isa = PBXBuildFile; fileRef = 4594A5A21F68C25100D80D0B /* Group.swift */; };
		45DC96561F6615EB004D6712 /* AppDelegate.swift in Sources */ = {isa = PBXBuildFile; fileRef = 45DC96551F6615EB004D6712 /* AppDelegate.swift */; };
		45DC96581F6615EB004D6712 /* FeedVC.swift in Sources */ = {isa = PBXBuildFile; fileRef = 45DC96571F6615EB004D6712 /* FeedVC.swift */; };
		45DC965A1F6615EB004D6712 /* GroupsVC.swift in Sources */ = {isa = PBXBuildFile; fileRef = 45DC96591F6615EB004D6712 /* GroupsVC.swift */; };
		45DC965D1F6615EB004D6712 /* Main.storyboard in Resources */ = {isa = PBXBuildFile; fileRef = 45DC965B1F6615EB004D6712 /* Main.storyboard */; };
		45DC965F1F6615EB004D6712 /* Assets.xcassets in Resources */ = {isa = PBXBuildFile; fileRef = 45DC965E1F6615EB004D6712 /* Assets.xcassets */; };
		45DC96621F6615EB004D6712 /* LaunchScreen.storyboard in Resources */ = {isa = PBXBuildFile; fileRef = 45DC96601F6615EB004D6712 /* LaunchScreen.storyboard */; };
		45DC966F1F66186E004D6712 /* GoogleService-Info.plist in Resources */ = {isa = PBXBuildFile; fileRef = 45DC966E1F66186E004D6712 /* GoogleService-Info.plist */; };
		45DC96711F661A91004D6712 /* DataService.swift in Sources */ = {isa = PBXBuildFile; fileRef = 45DC96701F661A91004D6712 /* DataService.swift */; };
		45DC96731F66DD9E004D6712 /* AuthVC.swift in Sources */ = {isa = PBXBuildFile; fileRef = 45DC96721F66DD9E004D6712 /* AuthVC.swift */; };
		45DC96751F66DDB0004D6712 /* LoginVC.swift in Sources */ = {isa = PBXBuildFile; fileRef = 45DC96741F66DDB0004D6712 /* LoginVC.swift */; };
		45DC96771F66DE0A004D6712 /* InsetTextField.swift in Sources */ = {isa = PBXBuildFile; fileRef = 45DC96761F66DE0A004D6712 /* InsetTextField.swift */; };
		45DC96791F66E4F9004D6712 /* ShadowView.swift in Sources */ = {isa = PBXBuildFile; fileRef = 45DC96781F66E4F9004D6712 /* ShadowView.swift */; };
		45DC967B1F66E86A004D6712 /* RoundedButton.swift in Sources */ = {isa = PBXBuildFile; fileRef = 45DC967A1F66E86A004D6712 /* RoundedButton.swift */; };
		45DC967D1F66EAB8004D6712 /* AuthService.swift in Sources */ = {isa = PBXBuildFile; fileRef = 45DC967C1F66EAB8004D6712 /* AuthService.swift */; };
		45DC967F1F6722F3004D6712 /* MeVC.swift in Sources */ = {isa = PBXBuildFile; fileRef = 45DC967E1F6722F3004D6712 /* MeVC.swift */; };
		45DC96831F672421004D6712 /* PostVC.swift in Sources */ = {isa = PBXBuildFile; fileRef = 45DC96821F672421004D6712 /* PostVC.swift */; };
		45DC96851F674C1E004D6712 /* UIViewExtension.swift in Sources */ = {isa = PBXBuildFile; fileRef = 45DC96841F674C1E004D6712 /* UIViewExtension.swift */; };
		45DC96871F676FB5004D6712 /* FeedCell.swift in Sources */ = {isa = PBXBuildFile; fileRef = 45DC96861F676FB5004D6712 /* FeedCell.swift */; };
		59546D2651187D8C86F985B0 /* Pods_Breakpoint.framework in Frameworks */ = {isa = PBXBuildFile; fileRef = 54F483CCFDB9D85D1B819605 /* Pods_Breakpoint.framework */; };
/* End PBXBuildFile section */

/* Begin PBXFileReference section */
		35704D115AE8D93157423223 /* Pods-Breakpoint.debug.xcconfig */ = {isa = PBXFileReference; includeInIndex = 1; lastKnownFileType = text.xcconfig; name = "Pods-Breakpoint.debug.xcconfig"; path = "Pods/Target Support Files/Pods-Breakpoint/Pods-Breakpoint.debug.xcconfig"; sourceTree = "<group>"; };
		45596C451F67742500DBA81D /* Message.swift */ = {isa = PBXFileReference; lastKnownFileType = sourcecode.swift; path = Message.swift; sourceTree = "<group>"; };
		4594A59C1F6858A600D80D0B /* CreateGroupVC.swift */ = {isa = PBXFileReference; lastKnownFileType = sourcecode.swift; path = CreateGroupVC.swift; sourceTree = "<group>"; };
		4594A59E1F685CD100D80D0B /* UserCell.swift */ = {isa = PBXFileReference; lastKnownFileType = sourcecode.swift; path = UserCell.swift; sourceTree = "<group>"; };
		4594A5A01F68C15500D80D0B /* GroupCell.swift */ = {isa = PBXFileReference; lastKnownFileType = sourcecode.swift; path = GroupCell.swift; sourceTree = "<group>"; };
		4594A5A21F68C25100D80D0B /* Group.swift */ = {isa = PBXFileReference; lastKnownFileType = sourcecode.swift; path = Group.swift; sourceTree = "<group>"; };
		45DC96521F6615EB004D6712 /* Breakpoint.app */ = {isa = PBXFileReference; explicitFileType = wrapper.application; includeInIndex = 0; path = Breakpoint.app; sourceTree = BUILT_PRODUCTS_DIR; };
		45DC96551F6615EB004D6712 /* AppDelegate.swift */ = {isa = PBXFileReference; lastKnownFileType = sourcecode.swift; path = AppDelegate.swift; sourceTree = "<group>"; };
		45DC96571F6615EB004D6712 /* FeedVC.swift */ = {isa = PBXFileReference; lastKnownFileType = sourcecode.swift; path = FeedVC.swift; sourceTree = "<group>"; };
		45DC96591F6615EB004D6712 /* GroupsVC.swift */ = {isa = PBXFileReference; lastKnownFileType = sourcecode.swift; path = GroupsVC.swift; sourceTree = "<group>"; };
		45DC965C1F6615EB004D6712 /* Base */ = {isa = PBXFileReference; lastKnownFileType = file.storyboard; name = Base; path = Base.lproj/Main.storyboard; sourceTree = "<group>"; };
		45DC965E1F6615EB004D6712 /* Assets.xcassets */ = {isa = PBXFileReference; lastKnownFileType = folder.assetcatalog; path = Assets.xcassets; sourceTree = "<group>"; };
		45DC96611F6615EB004D6712 /* Base */ = {isa = PBXFileReference; lastKnownFileType = file.storyboard; name = Base; path = Base.lproj/LaunchScreen.storyboard; sourceTree = "<group>"; };
		45DC96631F6615EB004D6712 /* Info.plist */ = {isa = PBXFileReference; lastKnownFileType = text.plist.xml; path = Info.plist; sourceTree = "<group>"; };
		45DC966E1F66186E004D6712 /* GoogleService-Info.plist */ = {isa = PBXFileReference; fileEncoding = 4; lastKnownFileType = text.plist.xml; name = "GoogleService-Info.plist"; path = "../../../../Desktop/GoogleService-Info.plist"; sourceTree = "<group>"; };
		45DC96701F661A91004D6712 /* DataService.swift */ = {isa = PBXFileReference; lastKnownFileType = sourcecode.swift; path = DataService.swift; sourceTree = "<group>"; };
		45DC96721F66DD9E004D6712 /* AuthVC.swift */ = {isa = PBXFileReference; lastKnownFileType = sourcecode.swift; path = AuthVC.swift; sourceTree = "<group>"; };
		45DC96741F66DDB0004D6712 /* LoginVC.swift */ = {isa = PBXFileReference; lastKnownFileType = sourcecode.swift; path = LoginVC.swift; sourceTree = "<group>"; };
		45DC96761F66DE0A004D6712 /* InsetTextField.swift */ = {isa = PBXFileReference; lastKnownFileType = sourcecode.swift; path = InsetTextField.swift; sourceTree = "<group>"; };
		45DC96781F66E4F9004D6712 /* ShadowView.swift */ = {isa = PBXFileReference; lastKnownFileType = sourcecode.swift; path = ShadowView.swift; sourceTree = "<group>"; };
		45DC967A1F66E86A004D6712 /* RoundedButton.swift */ = {isa = PBXFileReference; lastKnownFileType = sourcecode.swift; path = RoundedButton.swift; sourceTree = "<group>"; };
		45DC967C1F66EAB8004D6712 /* AuthService.swift */ = {isa = PBXFileReference; lastKnownFileType = sourcecode.swift; path = AuthService.swift; sourceTree = "<group>"; };
		45DC967E1F6722F3004D6712 /* MeVC.swift */ = {isa = PBXFileReference; lastKnownFileType = sourcecode.swift; path = MeVC.swift; sourceTree = "<group>"; };
		45DC96821F672421004D6712 /* PostVC.swift */ = {isa = PBXFileReference; lastKnownFileType = sourcecode.swift; path = PostVC.swift; sourceTree = "<group>"; };
		45DC96841F674C1E004D6712 /* UIViewExtension.swift */ = {isa = PBXFileReference; lastKnownFileType = sourcecode.swift; path = UIViewExtension.swift; sourceTree = "<group>"; };
		45DC96861F676FB5004D6712 /* FeedCell.swift */ = {isa = PBXFileReference; lastKnownFileType = sourcecode.swift; path = FeedCell.swift; sourceTree = "<group>"; };
		54F483CCFDB9D85D1B819605 /* Pods_Breakpoint.framework */ = {isa = PBXFileReference; explicitFileType = wrapper.framework; includeInIndex = 0; path = Pods_Breakpoint.framework; sourceTree = BUILT_PRODUCTS_DIR; };
		69C68BF070DAF9BBE3087DE3 /* Pods-Breakpoint.release.xcconfig */ = {isa = PBXFileReference; includeInIndex = 1; lastKnownFileType = text.xcconfig; name = "Pods-Breakpoint.release.xcconfig"; path = "Pods/Target Support Files/Pods-Breakpoint/Pods-Breakpoint.release.xcconfig"; sourceTree = "<group>"; };
/* End PBXFileReference section */

/* Begin PBXFrameworksBuildPhase section */
		45DC964F1F6615EB004D6712 /* Frameworks */ = {
			isa = PBXFrameworksBuildPhase;
			buildActionMask = 2147483647;
			files = (
				59546D2651187D8C86F985B0 /* Pods_Breakpoint.framework in Frameworks */,
			);
			runOnlyForDeploymentPostprocessing = 0;
		};
/* End PBXFrameworksBuildPhase section */

/* Begin PBXGroup section */
		45DC96491F6615EB004D6712 = {
			isa = PBXGroup;
			children = (
				45DC96541F6615EB004D6712 /* Breakpoint */,
				45DC96531F6615EB004D6712 /* Products */,
				BCF5A824719195A713FEA350 /* Pods */,
				765E307DB0A8D1B79B04DFDE /* Frameworks */,
			);
			sourceTree = "<group>";
		};
		45DC96531F6615EB004D6712 /* Products */ = {
			isa = PBXGroup;
			children = (
				45DC96521F6615EB004D6712 /* Breakpoint.app */,
			);
			name = Products;
			sourceTree = "<group>";
		};
		45DC96541F6615EB004D6712 /* Breakpoint */ = {
			isa = PBXGroup;
			children = (
				45DC966C1F661647004D6712 /* Services */,
				45DC966B1F66163F004D6712 /* Model */,
				45DC966A1F661638004D6712 /* View */,
				45DC96691F661625004D6712 /* Controller */,
				45DC96551F6615EB004D6712 /* AppDelegate.swift */,
				45DC965B1F6615EB004D6712 /* Main.storyboard */,
				45DC965E1F6615EB004D6712 /* Assets.xcassets */,
				45DC96601F6615EB004D6712 /* LaunchScreen.storyboard */,
				45DC96631F6615EB004D6712 /* Info.plist */,
				45DC966E1F66186E004D6712 /* GoogleService-Info.plist */,
				45DC966D1F661655004D6712 /* Extensions */,
			);
			path = Breakpoint;
			sourceTree = "<group>";
		};
		45DC96691F661625004D6712 /* Controller */ = {
			isa = PBXGroup;
			children = (
				45DC96571F6615EB004D6712 /* FeedVC.swift */,
				45DC96591F6615EB004D6712 /* GroupsVC.swift */,
				45DC96721F66DD9E004D6712 /* AuthVC.swift */,
				45DC96741F66DDB0004D6712 /* LoginVC.swift */,
				45DC967E1F6722F3004D6712 /* MeVC.swift */,
				45DC96821F672421004D6712 /* PostVC.swift */,
				4594A59C1F6858A600D80D0B /* CreateGroupVC.swift */,
			);
			path = Controller;
			sourceTree = "<group>";
		};
		45DC966A1F661638004D6712 /* View */ = {
			isa = PBXGroup;
			children = (
				45DC96761F66DE0A004D6712 /* InsetTextField.swift */,
				45DC96781F66E4F9004D6712 /* ShadowView.swift */,
				45DC967A1F66E86A004D6712 /* RoundedButton.swift */,
				45DC96861F676FB5004D6712 /* FeedCell.swift */,
				4594A59E1F685CD100D80D0B /* UserCell.swift */,
				4594A5A01F68C15500D80D0B /* GroupCell.swift */,
			);
			path = View;
			sourceTree = "<group>";
		};
		45DC966B1F66163F004D6712 /* Model */ = {
			isa = PBXGroup;
			children = (
				45596C451F67742500DBA81D /* Message.swift */,
				4594A5A21F68C25100D80D0B /* Group.swift */,
			);
			path = Model;
			sourceTree = "<group>";
		};
		45DC966C1F661647004D6712 /* Services */ = {
			isa = PBXGroup;
			children = (
				45DC96701F661A91004D6712 /* DataService.swift */,
				45DC967C1F66EAB8004D6712 /* AuthService.swift */,
			);
			path = Services;
			sourceTree = "<group>";
		};
		45DC966D1F661655004D6712 /* Extensions */ = {
			isa = PBXGroup;
			children = (
				45DC96841F674C1E004D6712 /* UIViewExtension.swift */,
			);
			path = Extensions;
			sourceTree = "<group>";
		};
		765E307DB0A8D1B79B04DFDE /* Frameworks */ = {
			isa = PBXGroup;
			children = (
				54F483CCFDB9D85D1B819605 /* Pods_Breakpoint.framework */,
			);
			name = Frameworks;
			sourceTree = "<group>";
		};
		BCF5A824719195A713FEA350 /* Pods */ = {
			isa = PBXGroup;
			children = (
				35704D115AE8D93157423223 /* Pods-Breakpoint.debug.xcconfig */,
				69C68BF070DAF9BBE3087DE3 /* Pods-Breakpoint.release.xcconfig */,
			);
			name = Pods;
			sourceTree = "<group>";
		};
/* End PBXGroup section */

/* Begin PBXNativeTarget section */
		45DC96511F6615EB004D6712 /* Breakpoint */ = {
			isa = PBXNativeTarget;
			buildConfigurationList = 45DC96661F6615EB004D6712 /* Build configuration list for PBXNativeTarget "Breakpoint" */;
			buildPhases = (
				3E73D790230F64AFB94CD1E5 /* [CP] Check Pods Manifest.lock */,
				45DC964E1F6615EB004D6712 /* Sources */,
				45DC964F1F6615EB004D6712 /* Frameworks */,
				45DC96501F6615EB004D6712 /* Resources */,
				CB1D0E2F62925DFE94BF1D0F /* [CP] Embed Pods Frameworks */,
				23883E53739B71DCBD4D38D9 /* [CP] Copy Pods Resources */,
			);
			buildRules = (
			);
			dependencies = (
			);
			name = Breakpoint;
			productName = Breakpoint;
			productReference = 45DC96521F6615EB004D6712 /* Breakpoint.app */;
			productType = "com.apple.product-type.application";
		};
/* End PBXNativeTarget section */

/* Begin PBXProject section */
		45DC964A1F6615EB004D6712 /* Project object */ = {
			isa = PBXProject;
			attributes = {
				LastSwiftUpdateCheck = 0900;
				LastUpgradeCheck = 0900;
				ORGANIZATIONNAME = CreativeIce;
				TargetAttributes = {
					45DC96511F6615EB004D6712 = {
						CreatedOnToolsVersion = 9.0;
					};
				};
			};
			buildConfigurationList = 45DC964D1F6615EB004D6712 /* Build configuration list for PBXProject "Breakpoint" */;
			compatibilityVersion = "Xcode 8.0";
			developmentRegion = en;
			hasScannedForEncodings = 0;
			knownRegions = (
				en,
				Base,
			);
			mainGroup = 45DC96491F6615EB004D6712;
			productRefGroup = 45DC96531F6615EB004D6712 /* Products */;
			projectDirPath = "";
			projectRoot = "";
			targets = (
				45DC96511F6615EB004D6712 /* Breakpoint */,
			);
		};
/* End PBXProject section */

/* Begin PBXResourcesBuildPhase section */
		45DC96501F6615EB004D6712 /* Resources */ = {
			isa = PBXResourcesBuildPhase;
			buildActionMask = 2147483647;
			files = (
				45DC96621F6615EB004D6712 /* LaunchScreen.storyboard in Resources */,
				45DC966F1F66186E004D6712 /* GoogleService-Info.plist in Resources */,
				45DC965F1F6615EB004D6712 /* Assets.xcassets in Resources */,
				45DC965D1F6615EB004D6712 /* Main.storyboard in Resources */,
			);
			runOnlyForDeploymentPostprocessing = 0;
		};
/* End PBXResourcesBuildPhase section */

/* Begin PBXShellScriptBuildPhase section */
		23883E53739B71DCBD4D38D9 /* [CP] Copy Pods Resources */ = {
			isa = PBXShellScriptBuildPhase;
			buildActionMask = 2147483647;
			files = (
			);
			inputPaths = (
			);
			name = "[CP] Copy Pods Resources";
			outputPaths = (
			);
			runOnlyForDeploymentPostprocessing = 0;
			shellPath = /bin/sh;
			shellScript = "\"${SRCROOT}/Pods/Target Support Files/Pods-Breakpoint/Pods-Breakpoint-resources.sh\"\n";
			showEnvVarsInLog = 0;
		};
		3E73D790230F64AFB94CD1E5 /* [CP] Check Pods Manifest.lock */ = {
			isa = PBXShellScriptBuildPhase;
			buildActionMask = 2147483647;
			files = (
			);
			inputPaths = (
			);
			name = "[CP] Check Pods Manifest.lock";
			outputPaths = (
			);
			runOnlyForDeploymentPostprocessing = 0;
			shellPath = /bin/sh;
			shellScript = "diff \"${PODS_ROOT}/../Podfile.lock\" \"${PODS_ROOT}/Manifest.lock\" > /dev/null\nif [ $? != 0 ] ; then\n    # print error to STDERR\n    echo \"error: The sandbox is not in sync with the Podfile.lock. Run 'pod install' or update your CocoaPods installation.\" >&2\n    exit 1\nfi\n";
			showEnvVarsInLog = 0;
		};
		CB1D0E2F62925DFE94BF1D0F /* [CP] Embed Pods Frameworks */ = {
			isa = PBXShellScriptBuildPhase;
			buildActionMask = 2147483647;
			files = (
			);
			inputPaths = (
			);
			name = "[CP] Embed Pods Frameworks";
			outputPaths = (
			);
			runOnlyForDeploymentPostprocessing = 0;
			shellPath = /bin/sh;
			shellScript = "\"${SRCROOT}/Pods/Target Support Files/Pods-Breakpoint/Pods-Breakpoint-frameworks.sh\"\n";
			showEnvVarsInLog = 0;
		};
/* End PBXShellScriptBuildPhase section */

/* Begin PBXSourcesBuildPhase section */
		45DC964E1F6615EB004D6712 /* Sources */ = {
			isa = PBXSourcesBuildPhase;
			buildActionMask = 2147483647;
			files = (
				45DC96731F66DD9E004D6712 /* AuthVC.swift in Sources */,
				45DC965A1F6615EB004D6712 /* GroupsVC.swift in Sources */,
				45DC96751F66DDB0004D6712 /* LoginVC.swift in Sources */,
				45DC96561F6615EB004D6712 /* AppDelegate.swift in Sources */,
				4594A59F1F685CD100D80D0B /* UserCell.swift in Sources */,
				45DC967B1F66E86A004D6712 /* RoundedButton.swift in Sources */,
				4594A5A31F68C25100D80D0B /* Group.swift in Sources */,
				45DC96791F66E4F9004D6712 /* ShadowView.swift in Sources */,
				45DC96831F672421004D6712 /* PostVC.swift in Sources */,
				45DC96871F676FB5004D6712 /* FeedCell.swift in Sources */,
				4594A5A11F68C15500D80D0B /* GroupCell.swift in Sources */,
				4594A59D1F6858A600D80D0B /* CreateGroupVC.swift in Sources */,
				45DC96581F6615EB004D6712 /* FeedVC.swift in Sources */,
				45DC967F1F6722F3004D6712 /* MeVC.swift in Sources */,
				45DC96851F674C1E004D6712 /* UIViewExtension.swift in Sources */,
				45DC967D1F66EAB8004D6712 /* AuthService.swift in Sources */,
				45596C461F67742500DBA81D /* Message.swift in Sources */,
				45DC96771F66DE0A004D6712 /* InsetTextField.swift in Sources */,
				45DC96711F661A91004D6712 /* DataService.swift in Sources */,
			);
			runOnlyForDeploymentPostprocessing = 0;
		};
/* End PBXSourcesBuildPhase section */

/* Begin PBXVariantGroup section */
		45DC965B1F6615EB004D6712 /* Main.storyboard */ = {
			isa = PBXVariantGroup;
			children = (
				45DC965C1F6615EB004D6712 /* Base */,
			);
			name = Main.storyboard;
			sourceTree = "<group>";
		};
		45DC96601F6615EB004D6712 /* LaunchScreen.storyboard */ = {
			isa = PBXVariantGroup;
			children = (
				45DC96611F6615EB004D6712 /* Base */,
			);
			name = LaunchScreen.storyboard;
			sourceTree = "<group>";
		};
/* End PBXVariantGroup section */

/* Begin XCBuildConfiguration section */
		45DC96641F6615EB004D6712 /* Debug */ = {
			isa = XCBuildConfiguration;
			buildSettings = {
				ALWAYS_SEARCH_USER_PATHS = NO;
				CLANG_ANALYZER_NONNULL = YES;
				CLANG_ANALYZER_NUMBER_OBJECT_CONVERSION = YES_AGGRESSIVE;
				CLANG_CXX_LANGUAGE_STANDARD = "gnu++14";
				CLANG_CXX_LIBRARY = "libc++";
				CLANG_ENABLE_MODULES = YES;
				CLANG_ENABLE_OBJC_ARC = YES;
				CLANG_WARN_BLOCK_CAPTURE_AUTORELEASING = YES;
				CLANG_WARN_BOOL_CONVERSION = YES;
				CLANG_WARN_COMMA = YES;
				CLANG_WARN_CONSTANT_CONVERSION = YES;
				CLANG_WARN_DIRECT_OBJC_ISA_USAGE = YES_ERROR;
				CLANG_WARN_DOCUMENTATION_COMMENTS = YES;
				CLANG_WARN_EMPTY_BODY = YES;
				CLANG_WARN_ENUM_CONVERSION = YES;
				CLANG_WARN_INFINITE_RECURSION = YES;
				CLANG_WARN_INT_CONVERSION = YES;
				CLANG_WARN_NON_LITERAL_NULL_CONVERSION = YES;
				CLANG_WARN_OBJC_LITERAL_CONVERSION = YES;
				CLANG_WARN_OBJC_ROOT_CLASS = YES_ERROR;
				CLANG_WARN_RANGE_LOOP_ANALYSIS = YES;
				CLANG_WARN_STRICT_PROTOTYPES = YES;
				CLANG_WARN_SUSPICIOUS_MOVE = YES;
				CLANG_WARN_UNGUARDED_AVAILABILITY = YES_AGGRESSIVE;
				CLANG_WARN_UNREACHABLE_CODE = YES;
				CLANG_WARN__DUPLICATE_METHOD_MATCH = YES;
				CODE_SIGN_IDENTITY = "iPhone Developer";
				COPY_PHASE_STRIP = NO;
				DEBUG_INFORMATION_FORMAT = dwarf;
				ENABLE_STRICT_OBJC_MSGSEND = YES;
				ENABLE_TESTABILITY = YES;
				GCC_C_LANGUAGE_STANDARD = gnu11;
				GCC_DYNAMIC_NO_PIC = NO;
				GCC_NO_COMMON_BLOCKS = YES;
				GCC_OPTIMIZATION_LEVEL = 0;
				GCC_PREPROCESSOR_DEFINITIONS = (
					"DEBUG=1",
					"$(inherited)",
				);
				GCC_WARN_64_TO_32_BIT_CONVERSION = YES;
				GCC_WARN_ABOUT_RETURN_TYPE = YES_ERROR;
				GCC_WARN_UNDECLARED_SELECTOR = YES;
				GCC_WARN_UNINITIALIZED_AUTOS = YES_AGGRESSIVE;
				GCC_WARN_UNUSED_FUNCTION = YES;
				GCC_WARN_UNUSED_VARIABLE = YES;
				IPHONEOS_DEPLOYMENT_TARGET = 11.0;
				MTL_ENABLE_DEBUG_INFO = YES;
				ONLY_ACTIVE_ARCH = YES;
				SDKROOT = iphoneos;
				SWIFT_ACTIVE_COMPILATION_CONDITIONS = DEBUG;
				SWIFT_OPTIMIZATION_LEVEL = "-Onone";
			};
			name = Debug;
		};
		45DC96651F6615EB004D6712 /* Release */ = {
			isa = XCBuildConfiguration;
			buildSettings = {
				ALWAYS_SEARCH_USER_PATHS = NO;
				CLANG_ANALYZER_NONNULL = YES;
				CLANG_ANALYZER_NUMBER_OBJECT_CONVERSION = YES_AGGRESSIVE;
				CLANG_CXX_LANGUAGE_STANDARD = "gnu++14";
				CLANG_CXX_LIBRARY = "libc++";
				CLANG_ENABLE_MODULES = YES;
				CLANG_ENABLE_OBJC_ARC = YES;
				CLANG_WARN_BLOCK_CAPTURE_AUTORELEASING = YES;
				CLANG_WARN_BOOL_CONVERSION = YES;
				CLANG_WARN_COMMA = YES;
				CLANG_WARN_CONSTANT_CONVERSION = YES;
				CLANG_WARN_DIRECT_OBJC_ISA_USAGE = YES_ERROR;
				CLANG_WARN_DOCUMENTATION_COMMENTS = YES;
				CLANG_WARN_EMPTY_BODY = YES;
				CLANG_WARN_ENUM_CONVERSION = YES;
				CLANG_WARN_INFINITE_RECURSION = YES;
				CLANG_WARN_INT_CONVERSION = YES;
				CLANG_WARN_NON_LITERAL_NULL_CONVERSION = YES;
				CLANG_WARN_OBJC_LITERAL_CONVERSION = YES;
				CLANG_WARN_OBJC_ROOT_CLASS = YES_ERROR;
				CLANG_WARN_RANGE_LOOP_ANALYSIS = YES;
				CLANG_WARN_STRICT_PROTOTYPES = YES;
				CLANG_WARN_SUSPICIOUS_MOVE = YES;
				CLANG_WARN_UNGUARDED_AVAILABILITY = YES_AGGRESSIVE;
				CLANG_WARN_UNREACHABLE_CODE = YES;
				CLANG_WARN__DUPLICATE_METHOD_MATCH = YES;
				CODE_SIGN_IDENTITY = "iPhone Developer";
				COPY_PHASE_STRIP = NO;
				DEBUG_INFORMATION_FORMAT = "dwarf-with-dsym";
				ENABLE_NS_ASSERTIONS = NO;
				ENABLE_STRICT_OBJC_MSGSEND = YES;
				GCC_C_LANGUAGE_STANDARD = gnu11;
				GCC_NO_COMMON_BLOCKS = YES;
				GCC_WARN_64_TO_32_BIT_CONVERSION = YES;
				GCC_WARN_ABOUT_RETURN_TYPE = YES_ERROR;
				GCC_WARN_UNDECLARED_SELECTOR = YES;
				GCC_WARN_UNINITIALIZED_AUTOS = YES_AGGRESSIVE;
				GCC_WARN_UNUSED_FUNCTION = YES;
				GCC_WARN_UNUSED_VARIABLE = YES;
				IPHONEOS_DEPLOYMENT_TARGET = 11.0;
				MTL_ENABLE_DEBUG_INFO = NO;
				SDKROOT = iphoneos;
				SWIFT_OPTIMIZATION_LEVEL = "-Owholemodule";
				VALIDATE_PRODUCT = YES;
			};
			name = Release;
		};
		45DC96671F6615EB004D6712 /* Debug */ = {
			isa = XCBuildConfiguration;
			baseConfigurationReference = 35704D115AE8D93157423223 /* Pods-Breakpoint.debug.xcconfig */;
			buildSettings = {
				ASSETCATALOG_COMPILER_APPICON_NAME = AppIcon;
				DEVELOPMENT_TEAM = 7LVD7K98P2;
				INFOPLIST_FILE = Breakpoint/Info.plist;
				LD_RUNPATH_SEARCH_PATHS = "$(inherited) @executable_path/Frameworks";
				PRODUCT_BUNDLE_IDENTIFIER = ca.CreativeIce.Breakpoint;
				PRODUCT_NAME = "$(TARGET_NAME)";
				SWIFT_VERSION = 4.0;
				TARGETED_DEVICE_FAMILY = "1,2";
			};
			name = Debug;
		};
		45DC96681F6615EB004D6712 /* Release */ = {
			isa = XCBuildConfiguration;
			baseConfigurationReference = 69C68BF070DAF9BBE3087DE3 /* Pods-Breakpoint.release.xcconfig */;
			buildSettings = {
				ASSETCATALOG_COMPILER_APPICON_NAME = AppIcon;
				DEVELOPMENT_TEAM = 7LVD7K98P2;
				INFOPLIST_FILE = Breakpoint/Info.plist;
				LD_RUNPATH_SEARCH_PATHS = "$(inherited) @executable_path/Frameworks";
				PRODUCT_BUNDLE_IDENTIFIER = ca.CreativeIce.Breakpoint;
				PRODUCT_NAME = "$(TARGET_NAME)";
				SWIFT_VERSION = 4.0;
				TARGETED_DEVICE_FAMILY = "1,2";
			};
			name = Release;
		};
/* End XCBuildConfiguration section */

/* Begin XCConfigurationList section */
		45DC964D1F6615EB004D6712 /* Build configuration list for PBXProject "Breakpoint" */ = {
			isa = XCConfigurationList;
			buildConfigurations = (
				45DC96641F6615EB004D6712 /* Debug */,
				45DC96651F6615EB004D6712 /* Release */,
			);
			defaultConfigurationIsVisible = 0;
			defaultConfigurationName = Release;
		};
		45DC96661F6615EB004D6712 /* Build configuration list for PBXNativeTarget "Breakpoint" */ = {
			isa = XCConfigurationList;
			buildConfigurations = (
				45DC96671F6615EB004D6712 /* Debug */,
				45DC96681F6615EB004D6712 /* Release */,
			);
			defaultConfigurationIsVisible = 0;
			defaultConfigurationName = Release;
		};
/* End XCConfigurationList section */
	};
	rootObject = 45DC964A1F6615EB004D6712 /* Project object */;
}
